
Microsoft Visual Studio Solution File, Format Version 12.00
# Visual Studio Version 17
VisualStudioVersion = 17.14.36414.22 d17.14
MinimumVisualStudioVersion = 10.0.40219.1
Project("{FAE04EC0-301F-11D3-BF4B-00C04F79EFBC}") = "mongodb-CRUDops-simple", "mongodb-CRUDops-simple\mongodb-CRUDops-simple.csproj", "{62CE711E-8C50-473F-AEE0-3F78ABE70C8B}"
EndProject
Global
	GlobalSection(SolutionConfigurationPlatforms) = preSolution
		Debug|Any CPU = Debug|Any CPU
		Release|Any CPU = Release|Any CPU
	EndGlobalSection
	GlobalSection(ProjectConfigurationPlatforms) = postSolution
		{62CE711E-8C50-473F-AEE0-3F78ABE70C8B}.Debug|Any CPU.ActiveCfg = Debug|Any CPU
		{62CE711E-8C50-473F-AEE0-3F78ABE70C8B}.Debug|Any CPU.Build.0 = Debug|Any CPU
		{62CE711E-8C50-473F-AEE0-3F78ABE70C8B}.Release|Any CPU.ActiveCfg = Release|Any CPU
		{62CE711E-8C50-473F-AEE0-3F78ABE70C8B}.Release|Any CPU.Build.0 = Release|Any CPU
	EndGlobalSection
	GlobalSection(SolutionProperties) = preSolution
		HideSolutionNode = FALSE
	EndGlobalSection
	GlobalSection(ExtensibilityGlobals) = postSolution
		SolutionGuid = {1E404CC5-8374-4605-8EF3-CC2C1C5105BC}
	EndGlobalSection
EndGlobal
